Microsoft Visual Studio Solution File, Format Version 12.00
# Visual Studio Version 17
Project("{2150E333-8FDC-42A3-9474-1A3956D46DE8}") = "src", "src", "{BEADE2E7-F894-4F1C-B4E6-F74D03BC036C}"
EndProject
Project("{2150E333-8FDC-42A3-9474-1A3956D46DE8}") = "tests", "tests", "{458284D3-F2CC-41EB-ABED-DE3152D030B8}"
EndProject
Project("{9A19103F-16F7-4668-BE54-9A1E7A4F7556}") = "Ticvai.Api", "src\Ticvai.Api\Ticvai.Api.csproj", "{9A1F2335-68F4-4844-8F3B-5BCA4AC2C93C}"
EndProject
Project("{9A19103F-16F7-4668-BE54-9A1E7A4F7556}") = "Ticvai.ArchitectureTests", "tests\Ticvai.ArchitectureTests\Ticvai.ArchitectureTests.csproj", "{F1ECA813-4D71-4047-B66C-7C033A14E425}"
EndProject
Project("{9A19103F-16F7-4668-BE54-9A1E7A4F7556}") = "Ticvai.ControlPlane", "src\Ticvai.ControlPlane\Ticvai.ControlPlane.csproj", "{D4BC0426-E538-4F42-944D-45B18D9FC4B6}"
EndProject
Project("{9A19103F-16F7-4668-BE54-9A1E7A4F7556}") = "Ticvai.IntegrationTests", "tests\Ticvai.IntegrationTests\Ticvai.IntegrationTests.csproj", "{ED1A6FB4-2396-4BA9-8545-0F87FC73B194}"
EndProject
Project("{9A19103F-16F7-4668-BE54-9A1E7A4F7556}") = "Ticvai.Migrations", "src\Ticvai.Migrations\Ticvai.Migrations.csproj", "{FA5EEE44-7E1B-4CEA-B780-F8466DF90B2A}"
EndProject
Project("{9A19103F-16F7-4668-BE54-9A1E7A4F7556}") = "Ticvai.Modules.AccessControl", "src\Ticvai.Modules.AccessControl\Ticvai.Modules.AccessControl.csproj", "{E8A3B144-16D9-45E5-B562-C0A179BF5199}"
EndProject
Project("{9A19103F-16F7-4668-BE54-9A1E7A4F7556}") = "Ticvai.Modules.Catalogue", "src\Ticvai.Modules.Catalogue\Ticvai.Modules.Catalogue.csproj", "{C9EFFA55-49FC-438E-8ED3-B4ED205A7C63}"
EndProject
Project("{9A19103F-16F7-4668-BE54-9A1E7A4F7556}") = "Ticvai.Modules.Identity", "src\Ticvai.Modules.Identity\Ticvai.Modules.Identity.csproj", "{66A9C0EA-0524-440F-99A5-CC458C5BAD05}"
EndProject
Project("{9A19103F-16F7-4668-BE54-9A1E7A4F7556}") = "Ticvai.Modules.Orders", "src\Ticvai.Modules.Orders\Ticvai.Modules.Orders.csproj", "{FAABE0DE-6772-46A3-8819-F0C9766DBA74}"
EndProject
Project("{9A19103F-16F7-4668-BE54-9A1E7A4F7556}") = "Ticvai.Modules.Sync", "src\Ticvai.Modules.Sync\Ticvai.Modules.Sync.csproj", "{E665A6F2-7685-43EF-A9A0-91E15A52EE88}"
EndProject
Project("{9A19103F-16F7-4668-BE54-9A1E7A4F7556}") = "Ticvai.Modules.Tenancy", "src\Ticvai.Modules.Tenancy\Ticvai.Modules.Tenancy.csproj", "{D7256C5D-014A-4008-8F43-7205D3F1E18D}"
EndProject
Project("{9A19103F-16F7-4668-BE54-9A1E7A4F7556}") = "Ticvai.Shared.Kernel", "src\Ticvai.Shared.Kernel\Ticvai.Shared.Kernel.csproj", "{AB666C64-A596-468E-AFDE-3A22E57150CF}"
EndProject
Project("{9A19103F-16F7-4668-BE54-9A1E7A4F7556}") = "Ticvai.UnitTests", "tests\Ticvai.UnitTests\Ticvai.UnitTests.csproj", "{F5637641-E83F-470C-A327-8DDE097B7EDC}"
EndProject
Global
	GlobalSection(SolutionConfigurationPlatforms) = preSolution
		Debug|Any CPU = Debug|Any CPU
		Release|Any CPU = Release|Any CPU
	EndGlobalSection
	GlobalSection(ProjectConfigurationPlatforms) = postSolution
		{9A1F2335-68F4-4844-8F3B-5BCA4AC2C93C}.Debug|Any CPU.ActiveCfg = Debug|Any CPU
		{9A1F2335-68F4-4844-8F3B-5BCA4AC2C93C}.Debug|Any CPU.Build.0 = Debug|Any CPU
		{9A1F2335-68F4-4844-8F3B-5BCA4AC2C93C}.Release|Any CPU.ActiveCfg = Release|Any CPU
		{9A1F2335-68F4-4844-8F3B-5BCA4AC2C93C}.Release|Any CPU.Build.0 = Release|Any CPU
		{F1ECA813-4D71-4047-B66C-7C033A14E425}.Debug|Any CPU.ActiveCfg = Debug|Any CPU
		{F1ECA813-4D71-4047-B66C-7C033A14E425}.Debug|Any CPU.Build.0 = Debug|Any CPU
		{F1ECA813-4D71-4047-B66C-7C033A14E425}.Release|Any CPU.ActiveCfg = Release|Any CPU
		{F1ECA813-4D71-4047-B66C-7C033A14E425}.Release|Any CPU.Build.0 = Release|Any CPU
		{D4BC0426-E538-4F42-944D-45B18D9FC4B6}.Debug|Any CPU.ActiveCfg = Debug|Any CPU
		{D4BC0426-E538-4F42-944D-45B18D9FC4B6}.Debug|Any CPU.Build.0 = Debug|Any CPU
		{D4BC0426-E538-4F42-944D-45B18D9FC4B6}.Release|Any CPU.ActiveCfg = Release|Any CPU
		{D4BC0426-E538-4F42-944D-45B18D9FC4B6}.Release|Any CPU.Build.0 = Release|Any CPU
		{ED1A6FB4-2396-4BA9-8545-0F87FC73B194}.Debug|Any CPU.ActiveCfg = Debug|Any CPU
		{ED1A6FB4-2396-4BA9-8545-0F87FC73B194}.Debug|Any CPU.Build.0 = Debug|Any CPU
		{ED1A6FB4-2396-4BA9-8545-0F87FC73B194}.Release|Any CPU.ActiveCfg = Release|Any CPU
		{ED1A6FB4-2396-4BA9-8545-0F87FC73B194}.Release|Any CPU.Build.0 = Release|Any CPU
		{FA5EEE44-7E1B-4CEA-B780-F8466DF90B2A}.Debug|Any CPU.ActiveCfg = Debug|Any CPU
		{FA5EEE44-7E1B-4CEA-B780-F8466DF90B2A}.Debug|Any CPU.Build.0 = Debug|Any CPU
		{FA5EEE44-7E1B-4CEA-B780-F8466DF90B2A}.Release|Any CPU.ActiveCfg = Release|Any CPU
		{FA5EEE44-7E1B-4CEA-B780-F8466DF90B2A}.Release|Any CPU.Build.0 = Release|Any CPU
		{E8A3B144-16D9-45E5-B562-C0A179BF5199}.Debug|Any CPU.ActiveCfg = Debug|Any CPU
		{E8A3B144-16D9-45E5-B562-C0A179BF5199}.Debug|Any CPU.Build.0 = Debug|Any CPU
		{E8A3B144-16D9-45E5-B562-C0A179BF5199}.Release|Any CPU.ActiveCfg = Release|Any CPU
		{E8A3B144-16D9-45E5-B562-C0A179BF5199}.Release|Any CPU.Build.0 = Release|Any CPU
		{C9EFFA55-49FC-438E-8ED3-B4ED205A7C63}.Debug|Any CPU.ActiveCfg = Debug|Any CPU
		{C9EFFA55-49FC-438E-8ED3-B4ED205A7C63}.Debug|Any CPU.Build.0 = Debug|Any CPU
		{C9EFFA55-49FC-438E-8ED3-B4ED205A7C63}.Release|Any CPU.ActiveCfg = Release|Any CPU
		{C9EFFA55-49FC-438E-8ED3-B4ED205A7C63}.Release|Any CPU.Build.0 = Release|Any CPU
		{66A9C0EA-0524-440F-99A5-CC458C5BAD05}.Debug|Any CPU.ActiveCfg = Debug|Any CPU
		{66A9C0EA-0524-440F-99A5-CC458C5BAD05}.Debug|Any CPU.Build.0 = Debug|Any CPU
		{66A9C0EA-0524-440F-99A5-CC458C5BAD05}.Release|Any CPU.ActiveCfg = Release|Any CPU
		{66A9C0EA-0524-440F-99A5-CC458C5BAD05}.Release|Any CPU.Build.0 = Release|Any CPU
		{FAABE0DE-6772-46A3-8819-F0C9766DBA74}.Debug|Any CPU.ActiveCfg = Debug|Any CPU
		{FAABE0DE-6772-46A3-8819-F0C9766DBA74}.Debug|Any CPU.Build.0 = Debug|Any CPU
		{FAABE0DE-6772-46A3-8819-F0C9766DBA74}.Release|Any CPU.ActiveCfg = Release|Any CPU
		{FAABE0DE-6772-46A3-8819-F0C9766DBA74}.Release|Any CPU.Build.0 = Release|Any CPU
		{E665A6F2-7685-43EF-A9A0-91E15A52EE88}.Debug|Any CPU.ActiveCfg = Debug|Any CPU
		{E665A6F2-7685-43EF-A9A0-91E15A52EE88}.Debug|Any CPU.Build.0 = Debug|Any CPU
		{E665A6F2-7685-43EF-A9A0-91E15A52EE88}.Release|Any CPU.ActiveCfg = Release|Any CPU
		{E665A6F2-7685-43EF-A9A0-91E15A52EE88}.Release|Any CPU.Build.0 = Release|Any CPU
		{D7256C5D-014A-4008-8F43-7205D3F1E18D}.Debug|Any CPU.ActiveCfg = Debug|Any CPU
		{D7256C5D-014A-4008-8F43-7205D3F1E18D}.Debug|Any CPU.Build.0 = Debug|Any CPU
		{D7256C5D-014A-4008-8F43-7205D3F1E18D}.Release|Any CPU.ActiveCfg = Release|Any CPU
		{D7256C5D-014A-4008-8F43-7205D3F1E18D}.Release|Any CPU.Build.0 = Release|Any CPU
		{AB666C64-A596-468E-AFDE-3A22E57150CF}.Debug|Any CPU.ActiveCfg = Debug|Any CPU
		{AB666C64-A596-468E-AFDE-3A22E57150CF}.Debug|Any CPU.Build.0 = Debug|Any CPU
		{AB666C64-A596-468E-AFDE-3A22E57150CF}.Release|Any CPU.ActiveCfg = Release|Any CPU
		{AB666C64-A596-468E-AFDE-3A22E57150CF}.Release|Any CPU.Build.0 = Release|Any CPU
		{F5637641-E83F-470C-A327-8DDE097B7EDC}.Debug|Any CPU.ActiveCfg = Debug|Any CPU
		{F5637641-E83F-470C-A327-8DDE097B7EDC}.Debug|Any CPU.Build.0 = Debug|Any CPU
		{F5637641-E83F-470C-A327-8DDE097B7EDC}.Release|Any CPU.ActiveCfg = Release|Any CPU
		{F5637641-E83F-470C-A327-8DDE097B7EDC}.Release|Any CPU.Build.0 = Release|Any CPU
	EndGlobalSection
	GlobalSection(NestedProjects) = preSolution
		{9A1F2335-68F4-4844-8F3B-5BCA4AC2C93C} = {BEADE2E7-F894-4F1C-B4E6-F74D03BC036C}
		{F1ECA813-4D71-4047-B66C-7C033A14E425} = {458284D3-F2CC-41EB-ABED-DE3152D030B8}
		{D4BC0426-E538-4F42-944D-45B18D9FC4B6} = {BEADE2E7-F894-4F1C-B4E6-F74D03BC036C}
		{ED1A6FB4-2396-4BA9-8545-0F87FC73B194} = {458284D3-F2CC-41EB-ABED-DE3152D030B8}
		{FA5EEE44-7E1B-4CEA-B780-F8466DF90B2A} = {BEADE2E7-F894-4F1C-B4E6-F74D03BC036C}
		{E8A3B144-16D9-45E5-B562-C0A179BF5199} = {BEADE2E7-F894-4F1C-B4E6-F74D03BC036C}
		{C9EFFA55-49FC-438E-8ED3-B4ED205A7C63} = {BEADE2E7-F894-4F1C-B4E6-F74D03BC036C}
		{66A9C0EA-0524-440F-99A5-CC458C5BAD05} = {BEADE2E7-F894-4F1C-B4E6-F74D03BC036C}
		{FAABE0DE-6772-46A3-8819-F0C9766DBA74} = {BEADE2E7-F894-4F1C-B4E6-F74D03BC036C}
		{E665A6F2-7685-43EF-A9A0-91E15A52EE88} = {BEADE2E7-F894-4F1C-B4E6-F74D03BC036C}
		{D7256C5D-014A-4008-8F43-7205D3F1E18D} = {BEADE2E7-F894-4F1C-B4E6-F74D03BC036C}
		{AB666C64-A596-468E-AFDE-3A22E57150CF} = {BEADE2E7-F894-4F1C-B4E6-F74D03BC036C}
		{F5637641-E83F-470C-A327-8DDE097B7EDC} = {458284D3-F2CC-41EB-ABED-DE3152D030B8}
	EndGlobalSection
EndGlobal
